
Microsoft Visual Studio Solution File, Format Version 12.00
# Visual Studio Version 16
VisualStudioVersion = 16.0.33214.272
MinimumVisualStudioVersion = 10.0.40219.1
Project("{FAE04EC0-301F-11D3-BF4B-00C04F79EFBC}") = "Bookstore_jn375", "Bookstore_jn375\Bookstore_jn375.csproj", "{7078D95B-2C6D-47E8-B31A-D56E2C23B76B}"
EndProject
Global
	GlobalSection(SolutionConfigurationPlatforms) = preSolution
		Debug|Any CPU = Debug|Any CPU
		Release|Any CPU = Release|Any CPU
	EndGlobalSection
	GlobalSection(ProjectConfigurationPlatforms) = postSolution
		{7078D95B-2C6D-47E8-B31A-D56E2C23B76B}.Debug|Any CPU.ActiveCfg = Debug|Any CPU
		{7078D95B-2C6D-47E8-B31A-D56E2C23B76B}.Debug|Any CPU.Build.0 = Debug|Any CPU
		{7078D95B-2C6D-47E8-B31A-D56E2C23B76B}.Release|Any CPU.ActiveCfg = Release|Any CPU
		{7078D95B-2C6D-47E8-B31A-D56E2C23B76B}.Release|Any CPU.Build.0 = Release|Any CPU
	EndGlobalSection
	GlobalSection(SolutionProperties) = preSolution
		HideSolutionNode = FALSE
	EndGlobalSection
	GlobalSection(ExtensibilityGlobals) = postSolution
		SolutionGuid = {45E6369E-8A8D-4A0D-B5B8-DD665C2E3229}
	EndGlobalSection
EndGlobal
